
Microsoft Visual Studio Solution File, Format Version 12.00
# Visual Studio Version 17
VisualStudioVersion = 17.0.31903.59
MinimumVisualStudioVersion = 10.0.40219.1
Project("{2150E333-8FDC-42A3-9474-1A3956D46DE8}") = "src", "src", "{5F821420-41D1-44EB-9A8C-67E0584B7D94}"
EndProject
Project("{FAE04EC0-301F-11D3-BF4B-00C04F79EFBC}") = "WoofAgent.Cli", "src\WoofAgent.Cli\WoofAgent.Cli.csproj", "{9621E443-1CBF-401A-AEF9-30570C46B84A}"
EndProject
Project("{FAE04EC0-301F-11D3-BF4B-00C04F79EFBC}") = "WoofAgent.Core", "src\WoofAgent.Core\WoofAgent.Core.csproj", "{68C2FCE1-66D6-4D4E-8AA7-8F53D19863A3}"
EndProject
Project("{FAE04EC0-301F-11D3-BF4B-00C04F79EFBC}") = "WoofAgent.Providers", "src\WoofAgent.Providers\WoofAgent.Providers.csproj", "{B7D8EB92-101A-4975-B5A0-506F5A4AA7CB}"
EndProject
Project("{FAE04EC0-301F-11D3-BF4B-00C04F79EFBC}") = "WoofAgent.Shared", "src\WoofAgent.Shared\WoofAgent.Shared.csproj", "{D2F7ACED-F7C0-49DB-8BEC-67164E58D18C}"
EndProject
Global
	GlobalSection(SolutionConfigurationPlatforms) = preSolution
		Debug|Any CPU = Debug|Any CPU
		Release|Any CPU = Release|Any CPU
	EndGlobalSection
	GlobalSection(SolutionProperties) = preSolution
		HideSolutionNode = FALSE
	EndGlobalSection
	GlobalSection(ProjectConfigurationPlatforms) = postSolution
		{9621E443-1CBF-401A-AEF9-30570C46B84A}.Debug|Any CPU.ActiveCfg = Debug|Any CPU
		{9621E443-1CBF-401A-AEF9-30570C46B84A}.Debug|Any CPU.Build.0 = Debug|Any CPU
		{9621E443-1CBF-401A-AEF9-30570C46B84A}.Release|Any CPU.ActiveCfg = Release|Any CPU
		{9621E443-1CBF-401A-AEF9-30570C46B84A}.Release|Any CPU.Build.0 = Release|Any CPU
		{68C2FCE1-66D6-4D4E-8AA7-8F53D19863A3}.Debug|Any CPU.ActiveCfg = Debug|Any CPU
		{68C2FCE1-66D6-4D4E-8AA7-8F53D19863A3}.Debug|Any CPU.Build.0 = Debug|Any CPU
		{68C2FCE1-66D6-4D4E-8AA7-8F53D19863A3}.Release|Any CPU.ActiveCfg = Release|Any CPU
		{68C2FCE1-66D6-4D4E-8AA7-8F53D19863A3}.Release|Any CPU.Build.0 = Release|Any CPU
		{B7D8EB92-101A-4975-B5A0-506F5A4AA7CB}.Debug|Any CPU.ActiveCfg = Debug|Any CPU
		{B7D8EB92-101A-4975-B5A0-506F5A4AA7CB}.Debug|Any CPU.Build.0 = Debug|Any CPU
		{B7D8EB92-101A-4975-B5A0-506F5A4AA7CB}.Release|Any CPU.ActiveCfg = Release|Any CPU
		{B7D8EB92-101A-4975-B5A0-506F5A4AA7CB}.Release|Any CPU.Build.0 = Release|Any CPU
		{D2F7ACED-F7C0-49DB-8BEC-67164E58D18C}.Debug|Any CPU.ActiveCfg = Debug|Any CPU
		{D2F7ACED-F7C0-49DB-8BEC-67164E58D18C}.Debug|Any CPU.Build.0 = Debug|Any CPU
		{D2F7ACED-F7C0-49DB-8BEC-67164E58D18C}.Release|Any CPU.ActiveCfg = Release|Any CPU
		{D2F7ACED-F7C0-49DB-8BEC-67164E58D18C}.Release|Any CPU.Build.0 = Release|Any CPU
	EndGlobalSection
	GlobalSection(NestedProjects) = preSolution
		{9621E443-1CBF-401A-AEF9-30570C46B84A} = {5F821420-41D1-44EB-9A8C-67E0584B7D94}
		{68C2FCE1-66D6-4D4E-8AA7-8F53D19863A3} = {5F821420-41D1-44EB-9A8C-67E0584B7D94}
		{B7D8EB92-101A-4975-B5A0-506F5A4AA7CB} = {5F821420-41D1-44EB-9A8C-67E0584B7D94}
		{D2F7ACED-F7C0-49DB-8BEC-67164E58D18C} = {5F821420-41D1-44EB-9A8C-67E0584B7D94}
	EndGlobalSection
EndGlobal
